// !$*UTF8*$!
{
	archiveVersion = 1;
	classes = {
	};
	objectVersion = 50;
	objects = {

/* Begin PBXBuildFile section */
		84B9ABDB225847C500A89916 /* AppDelegate.swift in Sources */ = {isa = PBXBuildFile; fileRef = 84B9ABDA225847C500A89916 /* AppDelegate.swift */; };
		84B9ABDD225847C500A89916 /* ViewController.swift in Sources */ = {isa = PBXBuildFile; fileRef = 84B9ABDC225847C500A89916 /* ViewController.swift */; };
		84B9ABE0225847C500A89916 /* Main.storyboard in Resources */ = {isa = PBXBuildFile; fileRef = 84B9ABDE225847C500A89916 /* Main.storyboard */; };
		84B9ABE2225847C600A89916 /* Assets.xcassets in Resources */ = {isa = PBXBuildFile; fileRef = 84B9ABE1225847C600A89916 /* Assets.xcassets */; };
		84B9ABE5225847C600A89916 /* LaunchScreen.storyboard in Resources */ = {isa = PBXBuildFile; fileRef = 84B9ABE3225847C600A89916 /* LaunchScreen.storyboard */; };
		84B9ABED22584E1E00A89916 /* Triangle.swift in Sources */ = {isa = PBXBuildFile; fileRef = 84B9ABEC22584E1E00A89916 /* Triangle.swift */; };
		84B9ABEF22584E3100A89916 /* Pentagon.swift in Sources */ = {isa = PBXBuildFile; fileRef = 84B9ABEE22584E3100A89916 /* Pentagon.swift */; };
		84B9ABF122584E4000A89916 /* Octagon.swift in Sources */ = {isa = PBXBuildFile; fileRef = 84B9ABF022584E4000A89916 /* Octagon.swift */; };
/* End PBXBuildFile section */

/* Begin PBXFileReference section */
		84B9ABD7225847C500A89916 /* Drawing_app.app */ = {isa = PBXFileReference; explicitFileType = wrapper.application; includeInIndex = 0; path = Drawing_app.app; sourceTree = BUILT_PRODUCTS_DIR; };
		84B9ABDA225847C500A89916 /* AppDelegate.swift */ = {isa = PBXFileReference; lastKnownFileType = sourcecode.swift; path = AppDelegate.swift; sourceTree = "<group>"; };
		84B9ABDC225847C500A89916 /* ViewController.swift */ = {isa = PBXFileReference; lastKnownFileType = sourcecode.swift; path = ViewController.swift; sourceTree = "<group>"; };
		84B9ABDF225847C500A89916 /* Base */ = {isa = PBXFileReference; lastKnownFileType = file.storyboard; name = Base; path = Base.lproj/Main.storyboard; sourceTree = "<group>"; };
		84B9ABE1225847C600A89916 /* Assets.xcassets */ = {isa = PBXFileReference; lastKnownFileType = folder.assetcatalog; path = Assets.xcassets; sourceTree = "<group>"; };
		84B9ABE4225847C600A89916 /* Base */ = {isa = PBXFileReference; lastKnownFileType = file.storyboard; name = Base; path = Base.lproj/LaunchScreen.storyboard; sourceTree = "<group>"; };
		84B9ABE6225847C600A89916 /* Info.plist */ = {isa = PBXFileReference; lastKnownFileType = text.plist.xml; path = Info.plist; sourceTree = "<group>"; };
		84B9ABEC22584E1E00A89916 /* Triangle.swift */ = {isa = PBXFileReference; lastKnownFileType = sourcecode.swift; path = Triangle.swift; sourceTree = "<group>"; };
		84B9ABEE22584E3100A89916 /* Pentagon.swift */ = {isa = PBXFileReference; lastKnownFileType = sourcecode.swift; path = Pentagon.swift; sourceTree = "<group>"; };
		84B9ABF022584E4000A89916 /* Octagon.swift */ = {isa = PBXFileReference; lastKnownFileType = sourcecode.swift; path = Octagon.swift; sourceTree = "<group>"; };
/* End PBXFileReference section */

/* Begin PBXFrameworksBuildPhase section */
		84B9ABD4225847C500A89916 /* Frameworks */ = {
			isa = PBXFrameworksBuildPhase;
			buildActionMask = 2147483647;
			files = (
			);
			runOnlyForDeploymentPostprocessing = 0;
		};
/* End PBXFrameworksBuildPhase section */

/* Begin PBXGroup section */
		84B9ABCE225847C500A89916 = {
			isa = PBXGroup;
			children = (
				84B9ABD9225847C500A89916 /* Drawing_app */,
				84B9ABD8225847C500A89916 /* Products */,
			);
			sourceTree = "<group>";
		};
		84B9ABD8225847C500A89916 /* Products */ = {
			isa = PBXGroup;
			children = (
				84B9ABD7225847C500A89916 /* Drawing_app.app */,
			);
			name = Products;
			sourceTree = "<group>";
		};
		84B9ABD9225847C500A89916 /* Drawing_app */ = {
			isa = PBXGroup;
			children = (
				84B9ABDA225847C500A89916 /* AppDelegate.swift */,
				84B9ABDC225847C500A89916 /* ViewController.swift */,
				84B9ABEC22584E1E00A89916 /* Triangle.swift */,
				84B9ABEE22584E3100A89916 /* Pentagon.swift */,
				84B9ABF022584E4000A89916 /* Octagon.swift */,
				84B9ABDE225847C500A89916 /* Main.storyboard */,
				84B9ABE1225847C600A89916 /* Assets.xcassets */,
				84B9ABE3225847C600A89916 /* LaunchScreen.storyboard */,
				84B9ABE6225847C600A89916 /* Info.plist */,
			);
			path = Drawing_app;
			sourceTree = "<group>";
		};
/* End PBXGroup section */

/* Begin PBXNativeTarget section */
		84B9ABD6225847C500A89916 /* Drawing_app */ = {
			isa = PBXNativeTarget;
			buildConfigurationList = 84B9ABE9225847C600A89916 /* Build configuration list for PBXNativeTarget "Drawing_app" */;
			buildPhases = (
				84B9ABD3225847C500A89916 /* Sources */,
				84B9ABD4225847C500A89916 /* Frameworks */,
				84B9ABD5225847C500A89916 /* Resources */,
			);
			buildRules = (
			);
			dependencies = (
			);
			name = Drawing_app;
			productName = Drawing_app;
			productReference = 84B9ABD7225847C500A89916 /* Drawing_app.app */;
			productType = "com.apple.product-type.application";
		};
/* End PBXNativeTarget section */

/* Begin PBXProject section */
		84B9ABCF225847C500A89916 /* Project object */ = {
			isa = PBXProject;
			attributes = {
				LastSwiftUpdateCheck = 1000;
				LastUpgradeCheck = 1000;
				ORGANIZATIONNAME = Admin;
				TargetAttributes = {
					84B9ABD6225847C500A89916 = {
						CreatedOnToolsVersion = 10.0;
					};
				};
			};
			buildConfigurationList = 84B9ABD2225847C500A89916 /* Build configuration list for PBXProject "Drawing_app" */;
			compatibilityVersion = "Xcode 9.3";
			developmentRegion = en;
			hasScannedForEncodings = 0;
			knownRegions = (
				en,
				Base,
			);
			mainGroup = 84B9ABCE225847C500A89916;
			productRefGroup = 84B9ABD8225847C500A89916 /* Products */;
			projectDirPath = "";
			projectRoot = "";
			targets = (
				84B9ABD6225847C500A89916 /* Drawing_app */,
			);
		};
/* End PBXProject section */

/* Begin PBXResourcesBuildPhase section */
		84B9ABD5225847C500A89916 /* Resources */ = {
			isa = PBXResourcesBuildPhase;
			buildActionMask = 2147483647;
			files = (
				84B9ABE5225847C600A89916 /* LaunchScreen.storyboard in Resources */,
				84B9ABE2225847C600A89916 /* Assets.xcassets in Resources */,
				84B9ABE0225847C500A89916 /* Main.storyboard in Resources */,
			);
			runOnlyForDeploymentPostprocessing = 0;
		};
/* End PBXResourcesBuildPhase section */

/* Begin PBXSourcesBuildPhase section */
		84B9ABD3225847C500A89916 /* Sources */ = {
			isa = PBXSourcesBuildPhase;
			buildActionMask = 2147483647;
			files = (
				84B9ABED22584E1E00A89916 /* Triangle.swift in Sources */,
				84B9ABEF22584E3100A89916 /* Pentagon.swift in Sources */,
				84B9ABF122584E4000A89916 /* Octagon.swift in Sources */,
				84B9ABDD225847C500A89916 /* ViewController.swift in Sources */,
				84B9ABDB225847C500A89916 /* AppDelegate.swift in Sources */,
			);
			runOnlyForDeploymentPostprocessing = 0;
		};
/* End PBXSourcesBuildPhase section */

/* Begin PBXVariantGroup section */
		84B9ABDE225847C500A89916 /* Main.storyboard */ = {
			isa = PBXVariantGroup;
			children = (
				84B9ABDF225847C500A89916 /* Base */,
			);
			name = Main.storyboard;
			sourceTree = "<group>";
		};
		84B9ABE3225847C600A89916 /* LaunchScreen.storyboard */ = {
			isa = PBXVariantGroup;
			children = (
				84B9ABE4225847C600A89916 /* Base */,
			);
			name = LaunchScreen.storyboard;
			sourceTree = "<group>";
		};
/* End PBXVariantGroup section */

/* Begin XCBuildConfiguration section */
		84B9ABE7225847C600A89916 /* Debug */ = {
			isa = XCBuildConfiguration;
			buildSettings = {
				ALWAYS_SEARCH_USER_PATHS = NO;
				CLANG_ANALYZER_NONNULL = YES;
				CLANG_ANALYZER_NUMBER_OBJECT_CONVERSION = YES_AGGRESSIVE;
				CLANG_CXX_LANGUAGE_STANDARD = "gnu++14";
				CLANG_CXX_LIBRARY = "libc++";
				CLANG_ENABLE_MODULES = YES;
				CLANG_ENABLE_OBJC_ARC = YES;
				CLANG_ENABLE_OBJC_WEAK = YES;
				CLANG_WARN_BLOCK_CAPTURE_AUTORELEASING = YES;
				CLANG_WARN_BOOL_CONVERSION = YES;
				CLANG_WARN_COMMA = YES;
				CLANG_WARN_CONSTANT_CONVERSION = YES;
				CLANG_WARN_DEPRECATED_OBJC_IMPLEMENTATIONS = YES;
				CLANG_WARN_DIRECT_OBJC_ISA_USAGE = YES_ERROR;
				CLANG_WARN_DOCUMENTATION_COMMENTS = YES;
				CLANG_WARN_EMPTY_BODY = YES;
				CLANG_WARN_ENUM_CONVERSION = YES;
				CLANG_WARN_INFINITE_RECURSION = YES;
				CLANG_WARN_INT_CONVERSION = YES;
				CLANG_WARN_NON_LITERAL_NULL_CONVERSION = YES;
				CLANG_WARN_OBJC_IMPLICIT_RETAIN_SELF = YES;
				CLANG_WARN_OBJC_LITERAL_CONVERSION = YES;
				CLANG_WARN_OBJC_ROOT_CLASS = YES_ERROR;
				CLANG_WARN_RANGE_LOOP_ANALYSIS = YES;
				CLANG_WARN_STRICT_PROTOTYPES = YES;
				CLANG_WARN_SUSPICIOUS_MOVE = YES;
				CLANG_WARN_UNGUARDED_AVAILABILITY = YES_AGGRESSIVE;
				CLANG_WARN_UNREACHABLE_CODE = YES;
				CLANG_WARN__DUPLICATE_METHOD_MATCH = YES;
				CODE_SIGN_IDENTITY = "iPhone Developer";
				COPY_PHASE_STRIP = NO;
				DEBUG_INFORMATION_FORMAT = dwarf;
				ENABLE_STRICT_OBJC_MSGSEND = YES;
				ENABLE_TESTABILITY = YES;
				GCC_C_LANGUAGE_STANDARD = gnu11;
				GCC_DYNAMIC_NO_PIC = NO;
				GCC_NO_COMMON_BLOCKS = YES;
				GCC_OPTIMIZATION_LEVEL = 0;
				GCC_PREPROCESSOR_DEFINITIONS = (
					"DEBUG=1",
					"$(inherited)",
				);
				GCC_WARN_64_TO_32_BIT_CONVERSION = YES;
				GCC_WARN_ABOUT_RETURN_TYPE = YES_ERROR;
				GCC_WARN_UNDECLARED_SELECTOR = YES;
				GCC_WARN_UNINITIALIZED_AUTOS = YES_AGGRESSIVE;
				GCC_WARN_UNUSED_FUNCTION = YES;
				GCC_WARN_UNUSED_VARIABLE = YES;
				IPHONEOS_DEPLOYMENT_TARGET = 12.0;
				MTL_ENABLE_DEBUG_INFO = INCLUDE_SOURCE;
				MTL_FAST_MATH = YES;
				ONLY_ACTIVE_ARCH = YES;
				SDKROOT = iphoneos;
				SWIFT_ACTIVE_COMPILATION_CONDITIONS = DEBUG;
				SWIFT_OPTIMIZATION_LEVEL = "-Onone";
			};
			name = Debug;
		};
		84B9ABE8225847C600A89916 /* Release */ = {
			isa = XCBuildConfiguration;
			buildSettings = {
				ALWAYS_SEARCH_USER_PATHS = NO;
				CLANG_ANALYZER_NONNULL = YES;
				CLANG_ANALYZER_NUMBER_OBJECT_CONVERSION = YES_AGGRESSIVE;
				CLANG_CXX_LANGUAGE_STANDARD = "gnu++14";
				CLANG_CXX_LIBRARY = "libc++";
				CLANG_ENABLE_MODULES = YES;
				CLANG_ENABLE_OBJC_ARC = YES;
				CLANG_ENABLE_OBJC_WEAK = YES;
				CLANG_WARN_BLOCK_CAPTURE_AUTORELEASING = YES;
				CLANG_WARN_BOOL_CONVERSION = YES;
				CLANG_WARN_COMMA = YES;
				CLANG_WARN_CONSTANT_CONVERSION = YES;
				CLANG_WARN_DEPRECATED_OBJC_IMPLEMENTATIONS = YES;
				CLANG_WARN_DIRECT_OBJC_ISA_USAGE = YES_ERROR;
				CLANG_WARN_DOCUMENTATION_COMMENTS = YES;
				CLANG_WARN_EMPTY_BODY = YES;
				CLANG_WARN_ENUM_CONVERSION = YES;
				CLANG_WARN_INFINITE_RECURSION = YES;
				CLANG_WARN_INT_CONVERSION = YES;
				CLANG_WARN_NON_LITERAL_NULL_CONVERSION = YES;
				CLANG_WARN_OBJC_IMPLICIT_RETAIN_SELF = YES;
				CLANG_WARN_OBJC_LITERAL_CONVERSION = YES;
				CLANG_WARN_OBJC_ROOT_CLASS = YES_ERROR;
				CLANG_WARN_RANGE_LOOP_ANALYSIS = YES;
				CLANG_WARN_STRICT_PROTOTYPES = YES;
				CLANG_WARN_SUSPICIOUS_MOVE = YES;
				CLANG_WARN_UNGUARDED_AVAILABILITY = YES_AGGRESSIVE;
				CLANG_WARN_UNREACHABLE_CODE = YES;
				CLANG_WARN__DUPLICATE_METHOD_MATCH = YES;
				CODE_SIGN_IDENTITY = "iPhone Developer";
				COPY_PHASE_STRIP = NO;
				DEBUG_INFORMATION_FORMAT = "dwarf-with-dsym";
				ENABLE_NS_ASSERTIONS = NO;
				ENABLE_STRICT_OBJC_MSGSEND = YES;
				GCC_C_LANGUAGE_STANDARD = gnu11;
				GCC_NO_COMMON_BLOCKS = YES;
				GCC_WARN_64_TO_32_BIT_CONVERSION = YES;
				GCC_WARN_ABOUT_RETURN_TYPE = YES_ERROR;
				GCC_WARN_UNDECLARED_SELECTOR = YES;
				GCC_WARN_UNINITIALIZED_AUTOS = YES_AGGRESSIVE;
				GCC_WARN_UNUSED_FUNCTION = YES;
				GCC_WARN_UNUSED_VARIABLE = YES;
				IPHONEOS_DEPLOYMENT_TARGET = 12.0;
				MTL_ENABLE_DEBUG_INFO = NO;
				MTL_FAST_MATH = YES;
				SDKROOT = iphoneos;
				SWIFT_COMPILATION_MODE = wholemodule;
				SWIFT_OPTIMIZATION_LEVEL = "-O";
				VALIDATE_PRODUCT = YES;
			};
			name = Release;
		};
		84B9ABEA225847C600A89916 /* Debug */ = {
			isa = XCBuildConfiguration;
			buildSettings = {
				ASSETCATALOG_COMPILER_APPICON_NAME = AppIcon;
				CODE_SIGN_STYLE = Automatic;
				INFOPLIST_FILE = Drawing_app/Info.plist;
				LD_RUNPATH_SEARCH_PATHS = (
					"$(inherited)",
					"@executable_path/Frameworks",
				);
				PRODUCT_BUNDLE_IDENTIFIER = "education.Drawing-app";
				PRODUCT_NAME = "$(TARGET_NAME)";
				SWIFT_VERSION = 4.2;
				TARGETED_DEVICE_FAMILY = "1,2";
			};
			name = Debug;
		};
		84B9ABEB225847C600A89916 /* Release */ = {
			isa = XCBuildConfiguration;
			buildSettings = {
				ASSETCATALOG_COMPILER_APPICON_NAME = AppIcon;
				CODE_SIGN_STYLE = Automatic;
				INFOPLIST_FILE = Drawing_app/Info.plist;
				LD_RUNPATH_SEARCH_PATHS = (
					"$(inherited)",
					"@executable_path/Frameworks",
				);
				PRODUCT_BUNDLE_IDENTIFIER = "education.Drawing-app";
				PRODUCT_NAME = "$(TARGET_NAME)";
				SWIFT_VERSION = 4.2;
				TARGETED_DEVICE_FAMILY = "1,2";
			};
			name = Release;
		};
/* End XCBuildConfiguration section */

/* Begin XCConfigurationList section */
		84B9ABD2225847C500A89916 /* Build configuration list for PBXProject "Drawing_app" */ = {
			isa = XCConfigurationList;
			buildConfigurations = (
				84B9ABE7225847C600A89916 /* Debug */,
				84B9ABE8225847C600A89916 /* Release */,
			);
			defaultConfigurationIsVisible = 0;
			defaultConfigurationName = Release;
		};
		84B9ABE9225847C600A89916 /* Build configuration list for PBXNativeTarget "Drawing_app" */ = {
			isa = XCConfigurationList;
			buildConfigurations = (
				84B9ABEA225847C600A89916 /* Debug */,
				84B9ABEB225847C600A89916 /* Release */,
			);
			defaultConfigurationIsVisible = 0;
			defaultConfigurationName = Release;
		};
/* End XCConfigurationList section */
	};
	rootObject = 84B9ABCF225847C500A89916 /* Project object */;
}
